// !$*UTF8*$!
{
	archiveVersion = 1;
	classes = {
	};
	objectVersion = 56;
	objects = {

/* Begin PBXBuildFile section */
		210A64E8290EC8C200278BD8 /* PraefixRechnerApp.swift in Sources */ = {isa = PBXBuildFile; fileRef = 210A64E7290EC8C200278BD8 /* PraefixRechnerApp.swift */; };
		210A64EA290EC8C200278BD8 /* ContentView.swift in Sources */ = {isa = PBXBuildFile; fileRef = 210A64E9290EC8C200278BD8 /* ContentView.swift */; };
		210A64EC290EC8C400278BD8 /* Assets.xcassets in Resources */ = {isa = PBXBuildFile; fileRef = 210A64EB290EC8C400278BD8 /* Assets.xcassets */; };
		210A64EF290EC8C400278BD8 /* Preview Assets.xcassets in Resources */ = {isa = PBXBuildFile; fileRef = 210A64EE290EC8C400278BD8 /* Preview Assets.xcassets */; };
		210A64F9290EC8C400278BD8 /* PraefixRechnerTests.swift in Sources */ = {isa = PBXBuildFile; fileRef = 210A64F8290EC8C400278BD8 /* PraefixRechnerTests.swift */; };
		210A6503290EC8C400278BD8 /* PraefixRechnerUITests.swift in Sources */ = {isa = PBXBuildFile; fileRef = 210A6502290EC8C400278BD8 /* PraefixRechnerUITests.swift */; };
		210A6505290EC8C400278BD8 /* PraefixRechnerUITestsLaunchTests.swift in Sources */ = {isa = PBXBuildFile; fileRef = 210A6504290EC8C400278BD8 /* PraefixRechnerUITestsLaunchTests.swift */; };
/* End PBXBuildFile section */

/* Begin PBXContainerItemProxy section */
		210A64F5290EC8C400278BD8 /* PBXContainerItemProxy */ = {
			isa = PBXContainerItemProxy;
			containerPortal = 210A64DC290EC8C200278BD8 /* Project object */;
			proxyType = 1;
			remoteGlobalIDString = 210A64E3290EC8C200278BD8;
			remoteInfo = PraefixRechner;
		};
		210A64FF290EC8C400278BD8 /* PBXContainerItemProxy */ = {
			isa = PBXContainerItemProxy;
			containerPortal = 210A64DC290EC8C200278BD8 /* Project object */;
			proxyType = 1;
			remoteGlobalIDString = 210A64E3290EC8C200278BD8;
			remoteInfo = PraefixRechner;
		};
/* End PBXContainerItemProxy section */

/* Begin PBXFileReference section */
		210A64E4290EC8C200278BD8 /* PraefixRechner.app */ = {isa = PBXFileReference; explicitFileType = wrapper.application; includeInIndex = 0; path = PraefixRechner.app; sourceTree = BUILT_PRODUCTS_DIR; };
		210A64E7290EC8C200278BD8 /* PraefixRechnerApp.swift */ = {isa = PBXFileReference; lastKnownFileType = sourcecode.swift; path = PraefixRechnerApp.swift; sourceTree = "<group>"; };
		210A64E9290EC8C200278BD8 /* ContentView.swift */ = {isa = PBXFileReference; lastKnownFileType = sourcecode.swift; path = ContentView.swift; sourceTree = "<group>"; };
		210A64EB290EC8C400278BD8 /* Assets.xcassets */ = {isa = PBXFileReference; lastKnownFileType = folder.assetcatalog; path = Assets.xcassets; sourceTree = "<group>"; };
		210A64EE290EC8C400278BD8 /* Preview Assets.xcassets */ = {isa = PBXFileReference; lastKnownFileType = folder.assetcatalog; path = "Preview Assets.xcassets"; sourceTree = "<group>"; };
		210A64F4290EC8C400278BD8 /* PraefixRechnerTests.xctest */ = {isa = PBXFileReference; explicitFileType = wrapper.cfbundle; includeInIndex = 0; path = PraefixRechnerTests.xctest; sourceTree = BUILT_PRODUCTS_DIR; };
		210A64F8290EC8C400278BD8 /* PraefixRechnerTests.swift */ = {isa = PBXFileReference; lastKnownFileType = sourcecode.swift; path = PraefixRechnerTests.swift; sourceTree = "<group>"; };
		210A64FE290EC8C400278BD8 /* PraefixRechnerUITests.xctest */ = {isa = PBXFileReference; explicitFileType = wrapper.cfbundle; includeInIndex = 0; path = PraefixRechnerUITests.xctest; sourceTree = BUILT_PRODUCTS_DIR; };
		210A6502290EC8C400278BD8 /* PraefixRechnerUITests.swift */ = {isa = PBXFileReference; lastKnownFileType = sourcecode.swift; path = PraefixRechnerUITests.swift; sourceTree = "<group>"; };
		210A6504290EC8C400278BD8 /* PraefixRechnerUITestsLaunchTests.swift */ = {isa = PBXFileReference; lastKnownFileType = sourcecode.swift; path = PraefixRechnerUITestsLaunchTests.swift; sourceTree = "<group>"; };
/* End PBXFileReference section */

/* Begin PBXFrameworksBuildPhase section */
		210A64E1290EC8C200278BD8 /* Frameworks */ = {
			isa = PBXFrameworksBuildPhase;
			buildActionMask = 2147483647;
			files = (
			);
			runOnlyForDeploymentPostprocessing = 0;
		};
		210A64F1290EC8C400278BD8 /* Frameworks */ = {
			isa = PBXFrameworksBuildPhase;
			buildActionMask = 2147483647;
			files = (
			);
			runOnlyForDeploymentPostprocessing = 0;
		};
		210A64FB290EC8C400278BD8 /* Frameworks */ = {
			isa = PBXFrameworksBuildPhase;
			buildActionMask = 2147483647;
			files = (
			);
			runOnlyForDeploymentPostprocessing = 0;
		};
/* End PBXFrameworksBuildPhase section */

/* Begin PBXGroup section */
		210A64DB290EC8C200278BD8 = {
			isa = PBXGroup;
			children = (
				210A64E6290EC8C200278BD8 /* PraefixRechner */,
				210A64F7290EC8C400278BD8 /* PraefixRechnerTests */,
				210A6501290EC8C400278BD8 /* PraefixRechnerUITests */,
				210A64E5290EC8C200278BD8 /* Products */,
			);
			sourceTree = "<group>";
		};
		210A64E5290EC8C200278BD8 /* Products */ = {
			isa = PBXGroup;
			children = (
				210A64E4290EC8C200278BD8 /* PraefixRechner.app */,
				210A64F4290EC8C400278BD8 /* PraefixRechnerTests.xctest */,
				210A64FE290EC8C400278BD8 /* PraefixRechnerUITests.xctest */,
			);
			name = Products;
			sourceTree = "<group>";
		};
		210A64E6290EC8C200278BD8 /* PraefixRechner */ = {
			isa = PBXGroup;
			children = (
				210A64E7290EC8C200278BD8 /* PraefixRechnerApp.swift */,
				210A64E9290EC8C200278BD8 /* ContentView.swift */,
				210A64EB290EC8C400278BD8 /* Assets.xcassets */,
				210A64ED290EC8C400278BD8 /* Preview Content */,
			);
			path = PraefixRechner;
			sourceTree = "<group>";
		};
		210A64ED290EC8C400278BD8 /* Preview Content */ = {
			isa = PBXGroup;
			children = (
				210A64EE290EC8C400278BD8 /* Preview Assets.xcassets */,
			);
			path = "Preview Content";
			sourceTree = "<group>";
		};
		210A64F7290EC8C400278BD8 /* PraefixRechnerTests */ = {
			isa = PBXGroup;
			children = (
				210A64F8290EC8C400278BD8 /* PraefixRechnerTests.swift */,
			);
			path = PraefixRechnerTests;
			sourceTree = "<group>";
		};
		210A6501290EC8C400278BD8 /* PraefixRechnerUITests */ = {
			isa = PBXGroup;
			children = (
				210A6502290EC8C400278BD8 /* PraefixRechnerUITests.swift */,
				210A6504290EC8C400278BD8 /* PraefixRechnerUITestsLaunchTests.swift */,
			);
			path = PraefixRechnerUITests;
			sourceTree = "<group>";
		};
/* End PBXGroup section */

/* Begin PBXNativeTarget section */
		210A64E3290EC8C200278BD8 /* PraefixRechner */ = {
			isa = PBXNativeTarget;
			buildConfigurationList = 210A6508290EC8C400278BD8 /* Build configuration list for PBXNativeTarget "PraefixRechner" */;
			buildPhases = (
				210A64E0290EC8C200278BD8 /* Sources */,
				210A64E1290EC8C200278BD8 /* Frameworks */,
				210A64E2290EC8C200278BD8 /* Resources */,
			);
			buildRules = (
			);
			dependencies = (
			);
			name = PraefixRechner;
			productName = PraefixRechner;
			productReference = 210A64E4290EC8C200278BD8 /* PraefixRechner.app */;
			productType = "com.apple.product-type.application";
		};
		210A64F3290EC8C400278BD8 /* PraefixRechnerTests */ = {
			isa = PBXNativeTarget;
			buildConfigurationList = 210A650B290EC8C400278BD8 /* Build configuration list for PBXNativeTarget "PraefixRechnerTests" */;
			buildPhases = (
				210A64F0290EC8C400278BD8 /* Sources */,
				210A64F1290EC8C400278BD8 /* Frameworks */,
				210A64F2290EC8C400278BD8 /* Resources */,
			);
			buildRules = (
			);
			dependencies = (
				210A64F6290EC8C400278BD8 /* PBXTargetDependency */,
			);
			name = PraefixRechnerTests;
			productName = PraefixRechnerTests;
			productReference = 210A64F4290EC8C400278BD8 /* PraefixRechnerTests.xctest */;
			productType = "com.apple.product-type.bundle.unit-test";
		};
		210A64FD290EC8C400278BD8 /* PraefixRechnerUITests */ = {
			isa = PBXNativeTarget;
			buildConfigurationList = 210A650E290EC8C400278BD8 /* Build configuration list for PBXNativeTarget "PraefixRechnerUITests" */;
			buildPhases = (
				210A64FA290EC8C400278BD8 /* Sources */,
				210A64FB290EC8C400278BD8 /* Frameworks */,
				210A64FC290EC8C400278BD8 /* Resources */,
			);
			buildRules = (
			);
			dependencies = (
				210A6500290EC8C400278BD8 /* PBXTargetDependency */,
			);
			name = PraefixRechnerUITests;
			productName = PraefixRechnerUITests;
			productReference = 210A64FE290EC8C400278BD8 /* PraefixRechnerUITests.xctest */;
			productType = "com.apple.product-type.bundle.ui-testing";
		};
/* End PBXNativeTarget section */

/* Begin PBXProject section */
		210A64DC290EC8C200278BD8 /* Project object */ = {
			isa = PBXProject;
			attributes = {
				BuildIndependentTargetsInParallel = 1;
				LastSwiftUpdateCheck = 1400;
				LastUpgradeCheck = 1400;
				TargetAttributes = {
					210A64E3290EC8C200278BD8 = {
						CreatedOnToolsVersion = 14.0.1;
					};
					210A64F3290EC8C400278BD8 = {
						CreatedOnToolsVersion = 14.0.1;
						TestTargetID = 210A64E3290EC8C200278BD8;
					};
					210A64FD290EC8C400278BD8 = {
						CreatedOnToolsVersion = 14.0.1;
						TestTargetID = 210A64E3290EC8C200278BD8;
					};
				};
			};
			buildConfigurationList = 210A64DF290EC8C200278BD8 /* Build configuration list for PBXProject "PraefixRechner" */;
			compatibilityVersion = "Xcode 14.0";
			developmentRegion = en;
			hasScannedForEncodings = 0;
			knownRegions = (
				en,
				Base,
			);
			mainGroup = 210A64DB290EC8C200278BD8;
			productRefGroup = 210A64E5290EC8C200278BD8 /* Products */;
			projectDirPath = "";
			projectRoot = "";
			targets = (
				210A64E3290EC8C200278BD8 /* PraefixRechner */,
				210A64F3290EC8C400278BD8 /* PraefixRechnerTests */,
				210A64FD290EC8C400278BD8 /* PraefixRechnerUITests */,
			);
		};
/* End PBXProject section */

/* Begin PBXResourcesBuildPhase section */
		210A64E2290EC8C200278BD8 /* Resources */ = {
			isa = PBXResourcesBuildPhase;
			buildActionMask = 2147483647;
			files = (
				210A64EF290EC8C400278BD8 /* Preview Assets.xcassets in Resources */,
				210A64EC290EC8C400278BD8 /* Assets.xcassets in Resources */,
			);
			runOnlyForDeploymentPostprocessing = 0;
		};
		210A64F2290EC8C400278BD8 /* Resources */ = {
			isa = PBXResourcesBuildPhase;
			buildActionMask = 2147483647;
			files = (
			);
			runOnlyForDeploymentPostprocessing = 0;
		};
		210A64FC290EC8C400278BD8 /* Resources */ = {
			isa = PBXResourcesBuildPhase;
			buildActionMask = 2147483647;
			files = (
			);
			runOnlyForDeploymentPostprocessing = 0;
		};
/* End PBXResourcesBuildPhase section */

/* Begin PBXSourcesBuildPhase section */
		210A64E0290EC8C200278BD8 /* Sources */ = {
			isa = PBXSourcesBuildPhase;
			buildActionMask = 2147483647;
			files = (
				210A64EA290EC8C200278BD8 /* ContentView.swift in Sources */,
				210A64E8290EC8C200278BD8 /* PraefixRechnerApp.swift in Sources */,
			);
			runOnlyForDeploymentPostprocessing = 0;
		};
		210A64F0290EC8C400278BD8 /* Sources */ = {
			isa = PBXSourcesBuildPhase;
			buildActionMask = 2147483647;
			files = (
				210A64F9290EC8C400278BD8 /* PraefixRechnerTests.swift in Sources */,
			);
			runOnlyForDeploymentPostprocessing = 0;
		};
		210A64FA290EC8C400278BD8 /* Sources */ = {
			isa = PBXSourcesBuildPhase;
			buildActionMask = 2147483647;
			files = (
				210A6505290EC8C400278BD8 /* PraefixRechnerUITestsLaunchTests.swift in Sources */,
				210A6503290EC8C400278BD8 /* PraefixRechnerUITests.swift in Sources */,
			);
			runOnlyForDeploymentPostprocessing = 0;
		};
/* End PBXSourcesBuildPhase section */

/* Begin PBXTargetDependency section */
		210A64F6290EC8C400278BD8 /* PBXTargetDependency */ = {
			isa = PBXTargetDependency;
			target = 210A64E3290EC8C200278BD8 /* PraefixRechner */;
			targetProxy = 210A64F5290EC8C400278BD8 /* PBXContainerItemProxy */;
		};
		210A6500290EC8C400278BD8 /* PBXTargetDependency */ = {
			isa = PBXTargetDependency;
			target = 210A64E3290EC8C200278BD8 /* PraefixRechner */;
			targetProxy = 210A64FF290EC8C400278BD8 /* PBXContainerItemProxy */;
		};
/* End PBXTargetDependency section */

/* Begin XCBuildConfiguration section */
		210A6506290EC8C400278BD8 /* Debug */ = {
			isa = XCBuildConfiguration;
			buildSettings = {
				ALWAYS_SEARCH_USER_PATHS = NO;
				CLANG_ANALYZER_NONNULL = YES;
				CLANG_ANALYZER_NUMBER_OBJECT_CONVERSION = YES_AGGRESSIVE;
				CLANG_CXX_LANGUAGE_STANDARD = "gnu++20";
				CLANG_ENABLE_MODULES = YES;
				CLANG_ENABLE_OBJC_ARC = YES;
				CLANG_ENABLE_OBJC_WEAK = YES;
				CLANG_WARN_BLOCK_CAPTURE_AUTORELEASING = YES;
				CLANG_WARN_BOOL_CONVERSION = YES;
				CLANG_WARN_COMMA = YES;
				CLANG_WARN_CONSTANT_CONVERSION = YES;
				CLANG_WARN_DEPRECATED_OBJC_IMPLEMENTATIONS = YES;
				CLANG_WARN_DIRECT_OBJC_ISA_USAGE = YES_ERROR;
				CLANG_WARN_DOCUMENTATION_COMMENTS = YES;
				CLANG_WARN_EMPTY_BODY = YES;
				CLANG_WARN_ENUM_CONVERSION = YES;
				CLANG_WARN_INFINITE_RECURSION = YES;
				CLANG_WARN_INT_CONVERSION = YES;
				CLANG_WARN_NON_LITERAL_NULL_CONVERSION = YES;
				CLANG_WARN_OBJC_IMPLICIT_RETAIN_SELF = YES;
				CLANG_WARN_OBJC_LITERAL_CONVERSION = YES;
				CLANG_WARN_OBJC_ROOT_CLASS = YES_ERROR;
				CLANG_WARN_QUOTED_INCLUDE_IN_FRAMEWORK_HEADER = YES;
				CLANG_WARN_RANGE_LOOP_ANALYSIS = YES;
				CLANG_WARN_STRICT_PROTOTYPES = YES;
				CLANG_WARN_SUSPICIOUS_MOVE = YES;
				CLANG_WARN_UNGUARDED_AVAILABILITY = YES_AGGRESSIVE;
				CLANG_WARN_UNREACHABLE_CODE = YES;
				CLANG_WARN__DUPLICATE_METHOD_MATCH = YES;
				COPY_PHASE_STRIP = NO;
				DEBUG_INFORMATION_FORMAT = dwarf;
				ENABLE_STRICT_OBJC_MSGSEND = YES;
				ENABLE_TESTABILITY = YES;
				GCC_C_LANGUAGE_STANDARD = gnu11;
				GCC_DYNAMIC_NO_PIC = NO;
				GCC_NO_COMMON_BLOCKS = YES;
				GCC_OPTIMIZATION_LEVEL = 0;
				GCC_PREPROCESSOR_DEFINITIONS = (
					"DEBUG=1",
					"$(inherited)",
				);
				GCC_WARN_64_TO_32_BIT_CONVERSION = YES;
				GCC_WARN_ABOUT_RETURN_TYPE = YES_ERROR;
				GCC_WARN_UNDECLARED_SELECTOR = YES;
				GCC_WARN_UNINITIALIZED_AUTOS = YES_AGGRESSIVE;
				GCC_WARN_UNUSED_FUNCTION = YES;
				GCC_WARN_UNUSED_VARIABLE = YES;
				IPHONEOS_DEPLOYMENT_TARGET = 16.0;
				MTL_ENABLE_DEBUG_INFO = INCLUDE_SOURCE;
				MTL_FAST_MATH = YES;
				ONLY_ACTIVE_ARCH = YES;
				SDKROOT = iphoneos;
				SWIFT_ACTIVE_COMPILATION_CONDITIONS = DEBUG;
				SWIFT_OPTIMIZATION_LEVEL = "-Onone";
			};
			name = Debug;
		};
		210A6507290EC8C400278BD8 /* Release */ = {
			isa = XCBuildConfiguration;
			buildSettings = {
				ALWAYS_SEARCH_USER_PATHS = NO;
				CLANG_ANALYZER_NONNULL = YES;
				CLANG_ANALYZER_NUMBER_OBJECT_CONVERSION = YES_AGGRESSIVE;
				CLANG_CXX_LANGUAGE_STANDARD = "gnu++20";
				CLANG_ENABLE_MODULES = YES;
				CLANG_ENABLE_OBJC_ARC = YES;
				CLANG_ENABLE_OBJC_WEAK = YES;
				CLANG_WARN_BLOCK_CAPTURE_AUTORELEASING = YES;
				CLANG_WARN_BOOL_CONVERSION = YES;
				CLANG_WARN_COMMA = YES;
				CLANG_WARN_CONSTANT_CONVERSION = YES;
				CLANG_WARN_DEPRECATED_OBJC_IMPLEMENTATIONS = YES;
				CLANG_WARN_DIRECT_OBJC_ISA_USAGE = YES_ERROR;
				CLANG_WARN_DOCUMENTATION_COMMENTS = YES;
				CLANG_WARN_EMPTY_BODY = YES;
				CLANG_WARN_ENUM_CONVERSION = YES;
				CLANG_WARN_INFINITE_RECURSION = YES;
				CLANG_WARN_INT_CONVERSION = YES;
				CLANG_WARN_NON_LITERAL_NULL_CONVERSION = YES;
				CLANG_WARN_OBJC_IMPLICIT_RETAIN_SELF = YES;
				CLANG_WARN_OBJC_LITERAL_CONVERSION = YES;
				CLANG_WARN_OBJC_ROOT_CLASS = YES_ERROR;
				CLANG_WARN_QUOTED_INCLUDE_IN_FRAMEWORK_HEADER = YES;
				CLANG_WARN_RANGE_LOOP_ANALYSIS = YES;
				CLANG_WARN_STRICT_PROTOTYPES = YES;
				CLANG_WARN_SUSPICIOUS_MOVE = YES;
				CLANG_WARN_UNGUARDED_AVAILABILITY = YES_AGGRESSIVE;
				CLANG_WARN_UNREACHABLE_CODE = YES;
				CLANG_WARN__DUPLICATE_METHOD_MATCH = YES;
				COPY_PHASE_STRIP = NO;
				DEBUG_INFORMATION_FORMAT = "dwarf-with-dsym";
				ENABLE_NS_ASSERTIONS = NO;
				ENABLE_STRICT_OBJC_MSGSEND = YES;
				GCC_C_LANGUAGE_STANDARD = gnu11;
				GCC_NO_COMMON_BLOCKS = YES;
				GCC_WARN_64_TO_32_BIT_CONVERSION = YES;
				GCC_WARN_ABOUT_RETURN_TYPE = YES_ERROR;
				GCC_WARN_UNDECLARED_SELECTOR = YES;
				GCC_WARN_UNINITIALIZED_AUTOS = YES_AGGRESSIVE;
				GCC_WARN_UNUSED_FUNCTION = YES;
				GCC_WARN_UNUSED_VARIABLE = YES;
				IPHONEOS_DEPLOYMENT_TARGET = 16.0;
				MTL_ENABLE_DEBUG_INFO = NO;
				MTL_FAST_MATH = YES;
				SDKROOT = iphoneos;
				SWIFT_COMPILATION_MODE = wholemodule;
				SWIFT_OPTIMIZATION_LEVEL = "-O";
				VALIDATE_PRODUCT = YES;
			};
			name = Release;
		};
		210A6509290EC8C400278BD8 /* Debug */ = {
			isa = XCBuildConfiguration;
			buildSettings = {
				ASSETCATALOG_COMPILER_APPICON_NAME = AppIcon;
				ASSETCATALOG_COMPILER_GLOBAL_ACCENT_COLOR_NAME = AccentColor;
				CODE_SIGN_STYLE = Automatic;
				CURRENT_PROJECT_VERSION = 1;
				DEVELOPMENT_ASSET_PATHS = "\"PraefixRechner/Preview Content\"";
				DEVELOPMENT_TEAM = 73RH8RCJ5X;
				ENABLE_PREVIEWS = YES;
				GENERATE_INFOPLIST_FILE = YES;
				INFOPLIST_KEY_UIApplicationSceneManifest_Generation = YES;
				INFOPLIST_KEY_UIApplicationSupportsIndirectInputEvents = YES;
				INFOPLIST_KEY_UILaunchScreen_Generation = YES;
				INFOPLIST_KEY_UISupportedInterfaceOrientations_iPad = "UIInterfaceOrientationPortrait UIInterfaceOrientationPortraitUpsideDown UIInterfaceOrientationLandscapeLeft UIInterfaceOrientationLandscapeRight";
				INFOPLIST_KEY_UISupportedInterfaceOrientations_iPhone = "UIInterfaceOrientationPortrait UIInterfaceOrientationLandscapeLeft UIInterfaceOrientationLandscapeRight";
				LD_RUNPATH_SEARCH_PATHS = (
					"$(inherited)",
					"@executable_path/Frameworks",
				);
				MARKETING_VERSION = 1.0;
				PRODUCT_BUNDLE_IDENTIFIER = "-.PraefixRechner";
				PRODUCT_NAME = "$(TARGET_NAME)";
				SWIFT_EMIT_LOC_STRINGS = YES;
				SWIFT_VERSION = 5.0;
				TARGETED_DEVICE_FAMILY = "1,2";
			};
			name = Debug;
		};
		210A650A290EC8C400278BD8 /* Release */ = {
			isa = XCBuildConfiguration;
			buildSettings = {
				ASSETCATALOG_COMPILER_APPICON_NAME = AppIcon;
				ASSETCATALOG_COMPILER_GLOBAL_ACCENT_COLOR_NAME = AccentColor;
				CODE_SIGN_STYLE = Automatic;
				CURRENT_PROJECT_VERSION = 1;
				DEVELOPMENT_ASSET_PATHS = "\"PraefixRechner/Preview Content\"";
				DEVELOPMENT_TEAM = 73RH8RCJ5X;
				ENABLE_PREVIEWS = YES;
				GENERATE_INFOPLIST_FILE = YES;
				INFOPLIST_KEY_UIApplicationSceneManifest_Generation = YES;
				INFOPLIST_KEY_UIApplicationSupportsIndirectInputEvents = YES;
				INFOPLIST_KEY_UILaunchScreen_Generation = YES;
				INFOPLIST_KEY_UISupportedInterfaceOrientations_iPad = "UIInterfaceOrientationPortrait UIInterfaceOrientationPortraitUpsideDown UIInterfaceOrientationLandscapeLeft UIInterfaceOrientationLandscapeRight";
				INFOPLIST_KEY_UISupportedInterfaceOrientations_iPhone = "UIInterfaceOrientationPortrait UIInterfaceOrientationLandscapeLeft UIInterfaceOrientationLandscapeRight";
				LD_RUNPATH_SEARCH_PATHS = (
					"$(inherited)",
					"@executable_path/Frameworks",
				);
				MARKETING_VERSION = 1.0;
				PRODUCT_BUNDLE_IDENTIFIER = "-.PraefixRechner";
				PRODUCT_NAME = "$(TARGET_NAME)";
				SWIFT_EMIT_LOC_STRINGS = YES;
				SWIFT_VERSION = 5.0;
				TARGETED_DEVICE_FAMILY = "1,2";
			};
			name = Release;
		};
		210A650C290EC8C400278BD8 /* Debug */ = {
			isa = XCBuildConfiguration;
			buildSettings = {
				ALWAYS_EMBED_SWIFT_STANDARD_LIBRARIES = YES;
				BUNDLE_LOADER = "$(TEST_HOST)";
				CODE_SIGN_STYLE = Automatic;
				CURRENT_PROJECT_VERSION = 1;
				DEVELOPMENT_TEAM = 73RH8RCJ5X;
				GENERATE_INFOPLIST_FILE = YES;
				IPHONEOS_DEPLOYMENT_TARGET = 16.0;
				MARKETING_VERSION = 1.0;
				PRODUCT_BUNDLE_IDENTIFIER = "-.PraefixRechnerTests";
				PRODUCT_NAME = "$(TARGET_NAME)";
				SWIFT_EMIT_LOC_STRINGS = NO;
				SWIFT_VERSION = 5.0;
				TARGETED_DEVICE_FAMILY = "1,2";
				TEST_HOST = "$(BUILT_PRODUCTS_DIR)/PraefixRechner.app/$(BUNDLE_EXECUTABLE_FOLDER_PATH)/PraefixRechner";
			};
			name = Debug;
		};
		210A650D290EC8C400278BD8 /* Release */ = {
			isa = XCBuildConfiguration;
			buildSettings = {
				ALWAYS_EMBED_SWIFT_STANDARD_LIBRARIES = YES;
				BUNDLE_LOADER = "$(TEST_HOST)";
				CODE_SIGN_STYLE = Automatic;
				CURRENT_PROJECT_VERSION = 1;
				DEVELOPMENT_TEAM = 73RH8RCJ5X;
				GENERATE_INFOPLIST_FILE = YES;
				IPHONEOS_DEPLOYMENT_TARGET = 16.0;
				MARKETING_VERSION = 1.0;
				PRODUCT_BUNDLE_IDENTIFIER = "-.PraefixRechnerTests";
				PRODUCT_NAME = "$(TARGET_NAME)";
				SWIFT_EMIT_LOC_STRINGS = NO;
				SWIFT_VERSION = 5.0;
				TARGETED_DEVICE_FAMILY = "1,2";
				TEST_HOST = "$(BUILT_PRODUCTS_DIR)/PraefixRechner.app/$(BUNDLE_EXECUTABLE_FOLDER_PATH)/PraefixRechner";
			};
			name = Release;
		};
		210A650F290EC8C400278BD8 /* Debug */ = {
			isa = XCBuildConfiguration;
			buildSettings = {
				ALWAYS_EMBED_SWIFT_STANDARD_LIBRARIES = YES;
				CODE_SIGN_STYLE = Automatic;
				CURRENT_PROJECT_VERSION = 1;
				DEVELOPMENT_TEAM = 73RH8RCJ5X;
				GENERATE_INFOPLIST_FILE = YES;
				MARKETING_VERSION = 1.0;
				PRODUCT_BUNDLE_IDENTIFIER = "-.PraefixRechnerUITests";
				PRODUCT_NAME = "$(TARGET_NAME)";
				SWIFT_EMIT_LOC_STRINGS = NO;
				SWIFT_VERSION = 5.0;
				TARGETED_DEVICE_FAMILY = "1,2";
				TEST_TARGET_NAME = PraefixRechner;
			};
			name = Debug;
		};
		210A6510290EC8C400278BD8 /* Release */ = {
			isa = XCBuildConfiguration;
			buildSettings = {
				ALWAYS_EMBED_SWIFT_STANDARD_LIBRARIES = YES;
				CODE_SIGN_STYLE = Automatic;
				CURRENT_PROJECT_VERSION = 1;
				DEVELOPMENT_TEAM = 73RH8RCJ5X;
				GENERATE_INFOPLIST_FILE = YES;
				MARKETING_VERSION = 1.0;
				PRODUCT_BUNDLE_IDENTIFIER = "-.PraefixRechnerUITests";
				PRODUCT_NAME = "$(TARGET_NAME)";
				SWIFT_EMIT_LOC_STRINGS = NO;
				SWIFT_VERSION = 5.0;
				TARGETED_DEVICE_FAMILY = "1,2";
				TEST_TARGET_NAME = PraefixRechner;
			};
			name = Release;
		};
/* End XCBuildConfiguration section */

/* Begin XCConfigurationList section */
		210A64DF290EC8C200278BD8 /* Build configuration list for PBXProject "PraefixRechner" */ = {
			isa = XCConfigurationList;
			buildConfigurations = (
				210A6506290EC8C400278BD8 /* Debug */,
				210A6507290EC8C400278BD8 /* Release */,
			);
			defaultConfigurationIsVisible = 0;
			defaultConfigurationName = Release;
		};
		210A6508290EC8C400278BD8 /* Build configuration list for PBXNativeTarget "PraefixRechner" */ = {
			isa = XCConfigurationList;
			buildConfigurations = (
				210A6509290EC8C400278BD8 /* Debug */,
				210A650A290EC8C400278BD8 /* Release */,
			);
			defaultConfigurationIsVisible = 0;
			defaultConfigurationName = Release;
		};
		210A650B290EC8C400278BD8 /* Build configuration list for PBXNativeTarget "PraefixRechnerTests" */ = {
			isa = XCConfigurationList;
			buildConfigurations = (
				210A650C290EC8C400278BD8 /* Debug */,
				210A650D290EC8C400278BD8 /* Release */,
			);
			defaultConfigurationIsVisible = 0;
			defaultConfigurationName = Release;
		};
		210A650E290EC8C400278BD8 /* Build configuration list for PBXNativeTarget "PraefixRechnerUITests" */ = {
			isa = XCConfigurationList;
			buildConfigurations = (
				210A650F290EC8C400278BD8 /* Debug */,
				210A6510290EC8C400278BD8 /* Release */,
			);
			defaultConfigurationIsVisible = 0;
			defaultConfigurationName = Release;
		};
/* End XCConfigurationList section */
	};
	rootObject = 210A64DC290EC8C200278BD8 /* Project object */;
}
